// !$*UTF8*$!
{
	archiveVersion = 1;
	classes = {
	};
	objectVersion = 77;
	objects = {

/* Begin PBXContainerItemProxy section */
		5276A7562E108AFC00EA8DF9 /* PBXContainerItemProxy */ = {
			isa = PBXContainerItemProxy;
			containerPortal = 5276A7402E108AFB00EA8DF9 /* Project object */;
			proxyType = 1;
			remoteGlobalIDString = 5276A7472E108AFB00EA8DF9;
			remoteInfo = Kipped;
		};
		5276A7602E108AFC00EA8DF9 /* PBXContainerItemProxy */ = {
			isa = PBXContainerItemProxy;
			containerPortal = 5276A7402E108AFB00EA8DF9 /* Project object */;
			proxyType = 1;
			remoteGlobalIDString = 5276A7472E108AFB00EA8DF9;
			remoteInfo = Kipped;
		};
/* End PBXContainerItemProxy section */

/* Begin PBXCopyFilesBuildPhase section */
		5276A78D2E10943400EA8DF9 /* Embed Frameworks */ = {
			isa = PBXCopyFilesBuildPhase;
			buildActionMask = 2147483647;
			dstPath = "";
			dstSubfolderSpec = 10;
			files = (
			);
			name = "Embed Frameworks";
			runOnlyForDeploymentPostprocessing = 0;
		};
/* End PBXCopyFilesBuildPhase section */

/* Begin PBXFileReference section */
		5276A7482E108AFB00EA8DF9 /* Kipped.app */ = {isa = PBXFileReference; explicitFileType = wrapper.application; includeInIndex = 0; path = Kipped.app; sourceTree = BUILT_PRODUCTS_DIR; };
		5276A7552E108AFC00EA8DF9 /* KippedTests.xctest */ = {isa = PBXFileReference; explicitFileType = wrapper.cfbundle; includeInIndex = 0; path = KippedTests.xctest; sourceTree = BUILT_PRODUCTS_DIR; };
		5276A75F2E108AFC00EA8DF9 /* KippedUITests.xctest */ = {isa = PBXFileReference; explicitFileType = wrapper.cfbundle; includeInIndex = 0; path = KippedUITests.xctest; sourceTree = BUILT_PRODUCTS_DIR; };
/* End PBXFileReference section */

/* Begin PBXFileSystemSynchronizedRootGroup section */
		5276A74A2E108AFB00EA8DF9 /* Kipped */ = {
			isa = PBXFileSystemSynchronizedRootGroup;
			path = Kipped;
			sourceTree = "<group>";
		};
		5276A7582E108AFC00EA8DF9 /* KippedTests */ = {
			isa = PBXFileSystemSynchronizedRootGroup;
			path = KippedTests;
			sourceTree = "<group>";
		};
		5276A7622E108AFC00EA8DF9 /* KippedUITests */ = {
			isa = PBXFileSystemSynchronizedRootGroup;
			path = KippedUITests;
			sourceTree = "<group>";
		};
/* End PBXFileSystemSynchronizedRootGroup section */

/* Begin PBXFrameworksBuildPhase section */
		5276A7452E108AFB00EA8DF9 /* Frameworks */ = {
			isa = PBXFrameworksBuildPhase;
			buildActionMask = 2147483647;
			files = (
			);
			runOnlyForDeploymentPostprocessing = 0;
		};
		5276A7522E108AFC00EA8DF9 /* Frameworks */ = {
			isa = PBXFrameworksBuildPhase;
			buildActionMask = 2147483647;
			files = (
			);
			runOnlyForDeploymentPostprocessing = 0;
		};
		5276A75C2E108AFC00EA8DF9 /* Frameworks */ = {
			isa = PBXFrameworksBuildPhase;
			buildActionMask = 2147483647;
			files = (
			);
			runOnlyForDeploymentPostprocessing = 0;
		};
/* End PBXFrameworksBuildPhase section */

/* Begin PBXGroup section */
		5276A73F2E108AFB00EA8DF9 = {
			isa = PBXGroup;
			children = (
				5276A74A2E108AFB00EA8DF9 /* Kipped */,
				5276A7582E108AFC00EA8DF9 /* KippedTests */,
				5276A7622E108AFC00EA8DF9 /* KippedUITests */,
				5276A7852E1093A800EA8DF9 /* Frameworks */,
				5276A7492E108AFB00EA8DF9 /* Products */,
			);
			sourceTree = "<group>";
		};
		5276A7492E108AFB00EA8DF9 /* Products */ = {
			isa = PBXGroup;
			children = (
				5276A7482E108AFB00EA8DF9 /* Kipped.app */,
				5276A7552E108AFC00EA8DF9 /* KippedTests.xctest */,
				5276A75F2E108AFC00EA8DF9 /* KippedUITests.xctest */,
			);
			name = Products;
			sourceTree = "<group>";
		};
		5276A7852E1093A800EA8DF9 /* Frameworks */ = {
			isa = PBXGroup;
			children = (
			);
			name = Frameworks;
			sourceTree = "<group>";
		};
/* End PBXGroup section */

/* Begin PBXNativeTarget section */
		5276A7472E108AFB00EA8DF9 /* Kipped */ = {
			isa = PBXNativeTarget;
			buildConfigurationList = 5276A7692E108AFC00EA8DF9 /* Build configuration list for PBXNativeTarget "Kipped" */;
			buildPhases = (
				5276A7442E108AFB00EA8DF9 /* Sources */,
				5276A7452E108AFB00EA8DF9 /* Frameworks */,
				5276A7462E108AFB00EA8DF9 /* Resources */,
				5276A78D2E10943400EA8DF9 /* Embed Frameworks */,
			);
			buildRules = (
			);
			dependencies = (
			);
			fileSystemSynchronizedGroups = (
				5276A74A2E108AFB00EA8DF9 /* Kipped */,
			);
			name = Kipped;
			packageProductDependencies = (
			);
			productName = Kipped;
			productReference = 5276A7482E108AFB00EA8DF9 /* Kipped.app */;
			productType = "com.apple.product-type.application";
		};
		5276A7542E108AFC00EA8DF9 /* KippedTests */ = {
			isa = PBXNativeTarget;
			buildConfigurationList = 5276A76C2E108AFC00EA8DF9 /* Build configuration list for PBXNativeTarget "KippedTests" */;
			buildPhases = (
				5276A7512E108AFC00EA8DF9 /* Sources */,
				5276A7522E108AFC00EA8DF9 /* Frameworks */,
				5276A7532E108AFC00EA8DF9 /* Resources */,
			);
			buildRules = (
			);
			dependencies = (
				5276A7572E108AFC00EA8DF9 /* PBXTargetDependency */,
			);
			fileSystemSynchronizedGroups = (
				5276A7582E108AFC00EA8DF9 /* KippedTests */,
			);
			name = KippedTests;
			packageProductDependencies = (
			);
			productName = KippedTests;
			productReference = 5276A7552E108AFC00EA8DF9 /* KippedTests.xctest */;
			productType = "com.apple.product-type.bundle.unit-test";
		};
		5276A75E2E108AFC00EA8DF9 /* KippedUITests */ = {
			isa = PBXNativeTarget;
			buildConfigurationList = 5276A76F2E108AFC00EA8DF9 /* Build configuration list for PBXNativeTarget "KippedUITests" */;
			buildPhases = (
				5276A75B2E108AFC00EA8DF9 /* Sources */,
				5276A75C2E108AFC00EA8DF9 /* Frameworks */,
				5276A75D2E108AFC00EA8DF9 /* Resources */,
			);
			buildRules = (
			);
			dependencies = (
				5276A7612E108AFC00EA8DF9 /* PBXTargetDependency */,
			);
			fileSystemSynchronizedGroups = (
				5276A7622E108AFC00EA8DF9 /* KippedUITests */,
			);
			name = KippedUITests;
			packageProductDependencies = (
			);
			productName = KippedUITests;
			productReference = 5276A75F2E108AFC00EA8DF9 /* KippedUITests.xctest */;
			productType = "com.apple.product-type.bundle.ui-testing";
		};
/* End PBXNativeTarget section */

/* Begin PBXProject section */
		5276A7402E108AFB00EA8DF9 /* Project object */ = {
			isa = PBXProject;
			attributes = {
				BuildIndependentTargetsInParallel = 1;
				LastSwiftUpdateCheck = 1640;
				LastUpgradeCheck = 1640;
				TargetAttributes = {
					5276A7472E108AFB00EA8DF9 = {
						CreatedOnToolsVersion = 16.4;
					};
					5276A7542E108AFC00EA8DF9 = {
						CreatedOnToolsVersion = 16.4;
						TestTargetID = 5276A7472E108AFB00EA8DF9;
					};
					5276A75E2E108AFC00EA8DF9 = {
						CreatedOnToolsVersion = 16.4;
						TestTargetID = 5276A7472E108AFB00EA8DF9;
					};
				};
			};
			buildConfigurationList = 5276A7432E108AFB00EA8DF9 /* Build configuration list for PBXProject "DreamNotes" */;
			developmentRegion = en;
			hasScannedForEncodings = 0;
			knownRegions = (
				en,
				Base,
			);
			mainGroup = 5276A73F2E108AFB00EA8DF9;
			minimizedProjectReferenceProxies = 1;
			packageReferences = (
			);
			preferredProjectObjectVersion = 77;
			productRefGroup = 5276A7492E108AFB00EA8DF9 /* Products */;
			projectDirPath = "";
			projectRoot = "";
			targets = (
				5276A7472E108AFB00EA8DF9 /* Kipped */,
				5276A7542E108AFC00EA8DF9 /* KippedTests */,
				5276A75E2E108AFC00EA8DF9 /* KippedUITests */,
			);
		};
/* End PBXProject section */

/* Begin PBXResourcesBuildPhase section */
		5276A7462E108AFB00EA8DF9 /* Resources */ = {
			isa = PBXResourcesBuildPhase;
			buildActionMask = 2147483647;
			files = (
			);
			runOnlyForDeploymentPostprocessing = 0;
		};
		5276A7532E108AFC00EA8DF9 /* Resources */ = {
			isa = PBXResourcesBuildPhase;
			buildActionMask = 2147483647;
			files = (
			);
			runOnlyForDeploymentPostprocessing = 0;
		};
		5276A75D2E108AFC00EA8DF9 /* Resources */ = {
			isa = PBXResourcesBuildPhase;
			buildActionMask = 2147483647;
			files = (
			);
			runOnlyForDeploymentPostprocessing = 0;
		};
/* End PBXResourcesBuildPhase section */

/* Begin PBXSourcesBuildPhase section */
		5276A7442E108AFB00EA8DF9 /* Sources */ = {
			isa = PBXSourcesBuildPhase;
			buildActionMask = 2147483647;
			files = (
			);
			runOnlyForDeploymentPostprocessing = 0;
		};
		5276A7512E108AFC00EA8DF9 /* Sources */ = {
			isa = PBXSourcesBuildPhase;
			buildActionMask = 2147483647;
			files = (
			);
			runOnlyForDeploymentPostprocessing = 0;
		};
		5276A75B2E108AFC00EA8DF9 /* Sources */ = {
			isa = PBXSourcesBuildPhase;
			buildActionMask = 2147483647;
			files = (
			);
			runOnlyForDeploymentPostprocessing = 0;
		};
/* End PBXSourcesBuildPhase section */

/* Begin PBXTargetDependency section */
		5276A7572E108AFC00EA8DF9 /* PBXTargetDependency */ = {
			isa = PBXTargetDependency;
			target = 5276A7472E108AFB00EA8DF9 /* Kipped */;
			targetProxy = 5276A7562E108AFC00EA8DF9 /* PBXContainerItemProxy */;
		};
		5276A7612E108AFC00EA8DF9 /* PBXTargetDependency */ = {
			isa = PBXTargetDependency;
			target = 5276A7472E108AFB00EA8DF9 /* Kipped */;
			targetProxy = 5276A7602E108AFC00EA8DF9 /* PBXContainerItemProxy */;
		};
/* End PBXTargetDependency section */

/* Begin XCBuildConfiguration section */
		5276A7672E108AFC00EA8DF9 /* Debug */ = {
			isa = XCBuildConfiguration;
			buildSettings = {
				ALWAYS_SEARCH_USER_PATHS = NO;
				ASSETCATALOG_COMPILER_GENERATE_SWIFT_ASSET_SYMBOL_EXTENSIONS = YES;
				CLANG_ANALYZER_NONNULL = YES;
				CLANG_ANALYZER_NUMBER_OBJECT_CONVERSION = YES_AGGRESSIVE;
				CLANG_CXX_LANGUAGE_STANDARD = "gnu++20";
				CLANG_ENABLE_MODULES = YES;
				CLANG_ENABLE_OBJC_ARC = YES;
				CLANG_ENABLE_OBJC_WEAK = YES;
				CLANG_WARN_BLOCK_CAPTURE_AUTORELEASING = YES;
				CLANG_WARN_BOOL_CONVERSION = YES;
				CLANG_WARN_COMMA = YES;
				CLANG_WARN_CONSTANT_CONVERSION = YES;
				CLANG_WARN_DEPRECATED_OBJC_IMPLEMENTATIONS = YES;
				CLANG_WARN_DIRECT_OBJC_ISA_USAGE = YES_ERROR;
				CLANG_WARN_DOCUMENTATION_COMMENTS = YES;
				CLANG_WARN_EMPTY_BODY = YES;
				CLANG_WARN_ENUM_CONVERSION = YES;
				CLANG_WARN_INFINITE_RECURSION = YES;
				CLANG_WARN_INT_CONVERSION = YES;
				CLANG_WARN_NON_LITERAL_NULL_CONVERSION = YES;
				CLANG_WARN_OBJC_IMPLICIT_RETAIN_SELF = YES;
				CLANG_WARN_OBJC_LITERAL_CONVERSION = YES;
				CLANG_WARN_OBJC_ROOT_CLASS = YES_ERROR;
				CLANG_WARN_QUOTED_INCLUDE_IN_FRAMEWORK_HEADER = YES;
				CLANG_WARN_RANGE_LOOP_ANALYSIS = YES;
				CLANG_WARN_STRICT_PROTOTYPES = YES;
				CLANG_WARN_SUSPICIOUS_MOVE = YES;
				CLANG_WARN_UNGUARDED_AVAILABILITY = YES_AGGRESSIVE;
				CLANG_WARN_UNREACHABLE_CODE = YES;
				CLANG_WARN__DUPLICATE_METHOD_MATCH = YES;
				COPY_PHASE_STRIP = NO;
				DEBUG_INFORMATION_FORMAT = dwarf;
				ENABLE_STRICT_OBJC_MSGSEND = YES;
				ENABLE_TESTABILITY = YES;
				ENABLE_USER_SCRIPT_SANDBOXING = YES;
				GCC_C_LANGUAGE_STANDARD = gnu17;
				GCC_DYNAMIC_NO_PIC = NO;
				GCC_NO_COMMON_BLOCKS = YES;
				GCC_OPTIMIZATION_LEVEL = 0;
				GCC_PREPROCESSOR_DEFINITIONS = (
					"DEBUG=1",
					"$(inherited)",
				);
				GCC_WARN_64_TO_32_BIT_CONVERSION = YES;
				GCC_WARN_ABOUT_RETURN_TYPE = YES_ERROR;
				GCC_WARN_UNDECLARED_SELECTOR = YES;
				GCC_WARN_UNINITIALIZED_AUTOS = YES_AGGRESSIVE;
				GCC_WARN_UNUSED_FUNCTION = YES;
				GCC_WARN_UNUSED_VARIABLE = YES;
				IPHONEOS_DEPLOYMENT_TARGET = 18.5;
				LOCALIZATION_PREFERS_STRING_CATALOGS = YES;
				MTL_ENABLE_DEBUG_INFO = INCLUDE_SOURCE;
				MTL_FAST_MATH = YES;
				ONLY_ACTIVE_ARCH = YES;
				SDKROOT = iphoneos;
				SWIFT_ACTIVE_COMPILATION_CONDITIONS = "DEBUG $(inherited)";
				SWIFT_OPTIMIZATION_LEVEL = "-Onone";
			};
			name = Debug;
		};
		5276A7682E108AFC00EA8DF9 /* Release */ = {
			isa = XCBuildConfiguration;
			buildSettings = {
				ALWAYS_SEARCH_USER_PATHS = NO;
				ASSETCATALOG_COMPILER_GENERATE_SWIFT_ASSET_SYMBOL_EXTENSIONS = YES;
				CLANG_ANALYZER_NONNULL = YES;
				CLANG_ANALYZER_NUMBER_OBJECT_CONVERSION = YES_AGGRESSIVE;
				CLANG_CXX_LANGUAGE_STANDARD = "gnu++20";
				CLANG_ENABLE_MODULES = YES;
				CLANG_ENABLE_OBJC_ARC = YES;
				CLANG_ENABLE_OBJC_WEAK = YES;
				CLANG_WARN_BLOCK_CAPTURE_AUTORELEASING = YES;
				CLANG_WARN_BOOL_CONVERSION = YES;
				CLANG_WARN_COMMA = YES;
				CLANG_WARN_CONSTANT_CONVERSION = YES;
				CLANG_WARN_DEPRECATED_OBJC_IMPLEMENTATIONS = YES;
				CLANG_WARN_DIRECT_OBJC_ISA_USAGE = YES_ERROR;
				CLANG_WARN_DOCUMENTATION_COMMENTS = YES;
				CLANG_WARN_EMPTY_BODY = YES;
				CLANG_WARN_ENUM_CONVERSION = YES;
				CLANG_WARN_INFINITE_RECURSION = YES;
				CLANG_WARN_INT_CONVERSION = YES;
				CLANG_WARN_NON_LITERAL_NULL_CONVERSION = YES;
				CLANG_WARN_OBJC_IMPLICIT_RETAIN_SELF = YES;
				CLANG_WARN_OBJC_LITERAL_CONVERSION = YES;
				CLANG_WARN_OBJC_ROOT_CLASS = YES_ERROR;
				CLANG_WARN_QUOTED_INCLUDE_IN_FRAMEWORK_HEADER = YES;
				CLANG_WARN_RANGE_LOOP_ANALYSIS = YES;
				CLANG_WARN_STRICT_PROTOTYPES = YES;
				CLANG_WARN_SUSPICIOUS_MOVE = YES;
				CLANG_WARN_UNGUARDED_AVAILABILITY = YES_AGGRESSIVE;
				CLANG_WARN_UNREACHABLE_CODE = YES;
				CLANG_WARN__DUPLICATE_METHOD_MATCH = YES;
				COPY_PHASE_STRIP = NO;
				DEBUG_INFORMATION_FORMAT = "dwarf-with-dsym";
				ENABLE_NS_ASSERTIONS = NO;
				ENABLE_STRICT_OBJC_MSGSEND = YES;
				ENABLE_USER_SCRIPT_SANDBOXING = YES;
				GCC_C_LANGUAGE_STANDARD = gnu17;
				GCC_NO_COMMON_BLOCKS = YES;
				GCC_WARN_64_TO_32_BIT_CONVERSION = YES;
				GCC_WARN_ABOUT_RETURN_TYPE = YES_ERROR;
				GCC_WARN_UNDECLARED_SELECTOR = YES;
				GCC_WARN_UNINITIALIZED_AUTOS = YES_AGGRESSIVE;
				GCC_WARN_UNUSED_FUNCTION = YES;
				GCC_WARN_UNUSED_VARIABLE = YES;
				IPHONEOS_DEPLOYMENT_TARGET = 18.5;
				LOCALIZATION_PREFERS_STRING_CATALOGS = YES;
				MTL_ENABLE_DEBUG_INFO = NO;
				MTL_FAST_MATH = YES;
				SDKROOT = iphoneos;
				SWIFT_COMPILATION_MODE = wholemodule;
				VALIDATE_PRODUCT = YES;
			};
			name = Release;
		};
		5276A76A2E108AFC00EA8DF9 /* Debug */ = {
			isa = XCBuildConfiguration;
			buildSettings = {
				ASSETCATALOG_COMPILER_APPICON_NAME = AppIcon;
				ASSETCATALOG_COMPILER_GLOBAL_ACCENT_COLOR_NAME = AccentColor;
				ASSETCATALOG_COMPILER_INCLUDE_ALL_APPICON_ASSETS = YES;
				CODE_SIGN_ENTITLEMENTS = Kipped/Kipped.entitlements;
				CODE_SIGN_STYLE = Automatic;
				CURRENT_PROJECT_VERSION = 1;
				DEVELOPMENT_TEAM = F8ZMT5492T;
				ENABLE_PREVIEWS = YES;
				GENERATE_INFOPLIST_FILE = YES;
				"INFOPLIST_KEY_CFBundleAlternateIcons_AppIcon 1_CFBundleIconName" = "AppIcon 1";
				"INFOPLIST_KEY_CFBundleAlternateIcons_AppIcon 2_CFBundleIconName" = "AppIcon 2";
				"INFOPLIST_KEY_CFBundleAlternateIcons_AppIcon 3_CFBundleIconName" = "AppIcon 3";
				"INFOPLIST_KEY_CFBundleAlternateIcons_AppIcon 4_CFBundleIconName" = "AppIcon 4";
				"INFOPLIST_KEY_CFBundleAlternateIcons_AppIcon 5_CFBundleIconName" = "AppIcon 5";
				"INFOPLIST_KEY_CFBundleAlternateIcons_AppIcon 6_CFBundleIconName" = "AppIcon 6";
				"INFOPLIST_KEY_CFBundleAlternateIcons_AppIcon 7_CFBundleIconName" = "AppIcon 7";
				INFOPLIST_KEY_UIApplicationSceneManifest_Generation = YES;
				INFOPLIST_KEY_UIApplicationSupportsIndirectInputEvents = YES;
				INFOPLIST_KEY_UILaunchScreen_Generation = YES;
				INFOPLIST_KEY_UISupportedInterfaceOrientations_iPad = "UIInterfaceOrientationPortrait UIInterfaceOrientationPortraitUpsideDown UIInterfaceOrientationLandscapeLeft UIInterfaceOrientationLandscapeRight";
				INFOPLIST_KEY_UISupportedInterfaceOrientations_iPhone = "UIInterfaceOrientationPortrait UIInterfaceOrientationLandscapeLeft UIInterfaceOrientationLandscapeRight";
				LD_RUNPATH_SEARCH_PATHS = (
					"$(inherited)",
					"@executable_path/Frameworks",
				);
				MARKETING_VERSION = 1.0;
				PRODUCT_BUNDLE_IDENTIFIER = com.ben.Kipped;
				PRODUCT_NAME = "$(TARGET_NAME)";
				SWIFT_EMIT_LOC_STRINGS = YES;
				SWIFT_VERSION = 5.0;
				TARGETED_DEVICE_FAMILY = "1,2";
			};
			name = Debug;
		};
		5276A76B2E108AFC00EA8DF9 /* Release */ = {
			isa = XCBuildConfiguration;
			buildSettings = {
				ASSETCATALOG_COMPILER_APPICON_NAME = AppIcon;
				ASSETCATALOG_COMPILER_GLOBAL_ACCENT_COLOR_NAME = AccentColor;
				ASSETCATALOG_COMPILER_INCLUDE_ALL_APPICON_ASSETS = YES;
				CODE_SIGN_ENTITLEMENTS = Kipped/Kipped.entitlements;
				CODE_SIGN_STYLE = Automatic;
				CURRENT_PROJECT_VERSION = 1;
				DEVELOPMENT_TEAM = F8ZMT5492T;
				ENABLE_PREVIEWS = YES;
				GENERATE_INFOPLIST_FILE = YES;
				"INFOPLIST_KEY_CFBundleAlternateIcons_AppIcon 1_CFBundleIconName" = "AppIcon 1";
				"INFOPLIST_KEY_CFBundleAlternateIcons_AppIcon 2_CFBundleIconName" = "AppIcon 2";
				"INFOPLIST_KEY_CFBundleAlternateIcons_AppIcon 3_CFBundleIconName" = "AppIcon 3";
				"INFOPLIST_KEY_CFBundleAlternateIcons_AppIcon 4_CFBundleIconName" = "AppIcon 4";
				"INFOPLIST_KEY_CFBundleAlternateIcons_AppIcon 5_CFBundleIconName" = "AppIcon 5";
				"INFOPLIST_KEY_CFBundleAlternateIcons_AppIcon 6_CFBundleIconName" = "AppIcon 6";
				"INFOPLIST_KEY_CFBundleAlternateIcons_AppIcon 7_CFBundleIconName" = "AppIcon 7";
				INFOPLIST_KEY_UIApplicationSceneManifest_Generation = YES;
				INFOPLIST_KEY_UIApplicationSupportsIndirectInputEvents = YES;
				INFOPLIST_KEY_UILaunchScreen_Generation = YES;
				INFOPLIST_KEY_UISupportedInterfaceOrientations_iPad = "UIInterfaceOrientationPortrait UIInterfaceOrientationPortraitUpsideDown UIInterfaceOrientationLandscapeLeft UIInterfaceOrientationLandscapeRight";
				INFOPLIST_KEY_UISupportedInterfaceOrientations_iPhone = "UIInterfaceOrientationPortrait UIInterfaceOrientationLandscapeLeft UIInterfaceOrientationLandscapeRight";
				LD_RUNPATH_SEARCH_PATHS = (
					"$(inherited)",
					"@executable_path/Frameworks",
				);
				MARKETING_VERSION = 1.0;
				PRODUCT_BUNDLE_IDENTIFIER = com.ben.Kipped;
				PRODUCT_NAME = "$(TARGET_NAME)";
				SWIFT_EMIT_LOC_STRINGS = YES;
				SWIFT_VERSION = 5.0;
				TARGETED_DEVICE_FAMILY = "1,2";
			};
			name = Release;
		};
		5276A76D2E108AFC00EA8DF9 /* Debug */ = {
			isa = XCBuildConfiguration;
			buildSettings = {
				BUNDLE_LOADER = "$(TEST_HOST)";
				CODE_SIGN_STYLE = Automatic;
				CURRENT_PROJECT_VERSION = 1;
				GENERATE_INFOPLIST_FILE = YES;
				IPHONEOS_DEPLOYMENT_TARGET = 18.5;
				MARKETING_VERSION = 1.0;
				PRODUCT_BUNDLE_IDENTIFIER = com.ben.KippedTests;
				PRODUCT_NAME = "$(TARGET_NAME)";
				SWIFT_EMIT_LOC_STRINGS = NO;
				SWIFT_VERSION = 5.0;
				TARGETED_DEVICE_FAMILY = "1,2";
				TEST_HOST = "$(BUILT_PRODUCTS_DIR)/Kipped.app/$(BUNDLE_EXECUTABLE_FOLDER_PATH)/Kipped";
			};
			name = Debug;
		};
		5276A76E2E108AFC00EA8DF9 /* Release */ = {
			isa = XCBuildConfiguration;
			buildSettings = {
				BUNDLE_LOADER = "$(TEST_HOST)";
				CODE_SIGN_STYLE = Automatic;
				CURRENT_PROJECT_VERSION = 1;
				GENERATE_INFOPLIST_FILE = YES;
				IPHONEOS_DEPLOYMENT_TARGET = 18.5;
				MARKETING_VERSION = 1.0;
				PRODUCT_BUNDLE_IDENTIFIER = com.ben.KippedTests;
				PRODUCT_NAME = "$(TARGET_NAME)";
				SWIFT_EMIT_LOC_STRINGS = NO;
				SWIFT_VERSION = 5.0;
				TARGETED_DEVICE_FAMILY = "1,2";
				TEST_HOST = "$(BUILT_PRODUCTS_DIR)/Kipped.app/$(BUNDLE_EXECUTABLE_FOLDER_PATH)/Kipped";
			};
			name = Release;
		};
		5276A7702E108AFC00EA8DF9 /* Debug */ = {
			isa = XCBuildConfiguration;
			buildSettings = {
				CODE_SIGN_STYLE = Automatic;
				CURRENT_PROJECT_VERSION = 1;
				GENERATE_INFOPLIST_FILE = YES;
				MARKETING_VERSION = 1.0;
				PRODUCT_BUNDLE_IDENTIFIER = com.ben.KippedUITests;
				PRODUCT_NAME = "$(TARGET_NAME)";
				SWIFT_EMIT_LOC_STRINGS = NO;
				SWIFT_VERSION = 5.0;
				TARGETED_DEVICE_FAMILY = "1,2";
				TEST_TARGET_NAME = Kipped;
			};
			name = Debug;
		};
		5276A7712E108AFC00EA8DF9 /* Release */ = {
			isa = XCBuildConfiguration;
			buildSettings = {
				CODE_SIGN_STYLE = Automatic;
				CURRENT_PROJECT_VERSION = 1;
				GENERATE_INFOPLIST_FILE = YES;
				MARKETING_VERSION = 1.0;
				PRODUCT_BUNDLE_IDENTIFIER = com.ben.KippedUITests;
				PRODUCT_NAME = "$(TARGET_NAME)";
				SWIFT_EMIT_LOC_STRINGS = NO;
				SWIFT_VERSION = 5.0;
				TARGETED_DEVICE_FAMILY = "1,2";
				TEST_TARGET_NAME = Kipped;
			};
			name = Release;
		};
/* End XCBuildConfiguration section */

/* Begin XCConfigurationList section */
		5276A7432E108AFB00EA8DF9 /* Build configuration list for PBXProject "DreamNotes" */ = {
			isa = XCConfigurationList;
			buildConfigurations = (
				5276A7672E108AFC00EA8DF9 /* Debug */,
				5276A7682E108AFC00EA8DF9 /* Release */,
			);
			defaultConfigurationIsVisible = 0;
			defaultConfigurationName = Release;
		};
		5276A7692E108AFC00EA8DF9 /* Build configuration list for PBXNativeTarget "Kipped" */ = {
			isa = XCConfigurationList;
			buildConfigurations = (
				5276A76A2E108AFC00EA8DF9 /* Debug */,
				5276A76B2E108AFC00EA8DF9 /* Release */,
			);
			defaultConfigurationIsVisible = 0;
			defaultConfigurationName = Release;
		};
		5276A76C2E108AFC00EA8DF9 /* Build configuration list for PBXNativeTarget "KippedTests" */ = {
			isa = XCConfigurationList;
			buildConfigurations = (
				5276A76D2E108AFC00EA8DF9 /* Debug */,
				5276A76E2E108AFC00EA8DF9 /* Release */,
			);
			defaultConfigurationIsVisible = 0;
			defaultConfigurationName = Release;
		};
		5276A76F2E108AFC00EA8DF9 /* Build configuration list for PBXNativeTarget "KippedUITests" */ = {
			isa = XCConfigurationList;
			buildConfigurations = (
				5276A7702E108AFC00EA8DF9 /* Debug */,
				5276A7712E108AFC00EA8DF9 /* Release */,
			);
			defaultConfigurationIsVisible = 0;
			defaultConfigurationName = Release;
		};
/* End XCConfigurationList section */
	};
	rootObject = 5276A7402E108AFB00EA8DF9 /* Project object */;
}
